{
  "name": "ecglet",
  "version": "1.0.0",
  "lockfileVersion": 1,
  "requires": true,
  "dependencies": {
    "wechat-mini-programs-apis": {
      "version": "1.6.2",
      "resolved": "https://registry.npm.taobao.org/wechat-mini-programs-apis/download/wechat-mini-programs-apis-1.6.2.tgz",
      "integrity": "sha1-t2aKtildFW7U0lomdJgK0OZxzyw=",
      "dev": true
    }
  }
}
